
Microsoft Visual Studio Solution File, Format Version 12.00
# Visual Studio 15
VisualStudioVersion = 15.0.27703.2035
MinimumVisualStudioVersion = 10.0.40219.1
Project("{FAE04EC0-301F-11D3-BF4B-00C04F79EFBC}") = "JsonPlaceHolder.Model", "JsonPlaceHolder.Model\JsonPlaceHolder.Model.csproj", "{8AA855B4-2DED-4DA4-850F-13DAE5980F22}"
EndProject
Project("{FAE04EC0-301F-11D3-BF4B-00C04F79EFBC}") = "JsonPlaceHolder.Web", "JsonPlaceHolder.Web\JsonPlaceHolder.Web.csproj", "{21AC4E05-F197-4A85-8C5F-E937822851FB}"
EndProject
Global
	GlobalSection(SolutionConfigurationPlatforms) = preSolution
		Debug|Any CPU = Debug|Any CPU
		Release|Any CPU = Release|Any CPU
	EndGlobalSection
	GlobalSection(ProjectConfigurationPlatforms) = postSolution
		{8AA855B4-2DED-4DA4-850F-13DAE5980F22}.Debug|Any CPU.ActiveCfg = Debug|Any CPU
		{8AA855B4-2DED-4DA4-850F-13DAE5980F22}.Debug|Any CPU.Build.0 = Debug|Any CPU
		{8AA855B4-2DED-4DA4-850F-13DAE5980F22}.Release|Any CPU.ActiveCfg = Release|Any CPU
		{8AA855B4-2DED-4DA4-850F-13DAE5980F22}.Release|Any CPU.Build.0 = Release|Any CPU
		{21AC4E05-F197-4A85-8C5F-E937822851FB}.Debug|Any CPU.ActiveCfg = Debug|Any CPU
		{21AC4E05-F197-4A85-8C5F-E937822851FB}.Debug|Any CPU.Build.0 = Debug|Any CPU
		{21AC4E05-F197-4A85-8C5F-E937822851FB}.Release|Any CPU.ActiveCfg = Release|Any CPU
		{21AC4E05-F197-4A85-8C5F-E937822851FB}.Release|Any CPU.Build.0 = Release|Any CPU
	EndGlobalSection
	GlobalSection(SolutionProperties) = preSolution
		HideSolutionNode = FALSE
	EndGlobalSection
	GlobalSection(ExtensibilityGlobals) = postSolution
		SolutionGuid = {BD710896-FD06-4CB5-8B1D-79BDCF36AC9F}
	EndGlobalSection
EndGlobal
